// !$*UTF8*$!
{
	archiveVersion = 1;
	classes = {
	};
	objectVersion = 46;
	objects = {

/* Begin PBXBuildFile section */
		308340D71F9238B6000AE853 /* Output.cpp in Sources */ = {isa = PBXBuildFile; fileRef = 308340D51F9238B6000AE853 /* Output.cpp */; };
		308340DA1F9238D7000AE853 /* OutputHLSL.cpp in Sources */ = {isa = PBXBuildFile; fileRef = 308340D81F9238D7000AE853 /* OutputHLSL.cpp */; };
		308340DD1F9238F2000AE853 /* OutputGLSL.cpp in Sources */ = {isa = PBXBuildFile; fileRef = 308340DB1F9238F2000AE853 /* OutputGLSL.cpp */; };
		308340E01F923900000AE853 /* OutputMSL.cpp in Sources */ = {isa = PBXBuildFile; fileRef = 308340DE1F923900000AE853 /* OutputMSL.cpp */; };
		30DD17411EAE944F004CAD77 /* main.cpp in Sources */ = {isa = PBXBuildFile; fileRef = 30DD17401EAE944F004CAD77 /* main.cpp */; };
		30DD17491EAF967B004CAD77 /* Tokenizer.cpp in Sources */ = {isa = PBXBuildFile; fileRef = 30DD17471EAF967B004CAD77 /* Tokenizer.cpp */; };
		30DD174C1EAF96CE004CAD77 /* Parser.cpp in Sources */ = {isa = PBXBuildFile; fileRef = 30DD174A1EAF96CE004CAD77 /* Parser.cpp */; };
/* End PBXBuildFile section */

/* Begin PBXCopyFilesBuildPhase section */
		30DD173B1EAE944F004CAD77 /* CopyFiles */ = {
			isa = PBXCopyFilesBuildPhase;
			buildActionMask = 2147483647;
			dstPath = /usr/share/man/man1/;
			dstSubfolderSpec = 0;
			files = (
			);
			runOnlyForDeploymentPostprocessing = 1;
		};
/* End PBXCopyFilesBuildPhase section */

/* Begin PBXFileReference section */
		308340D51F9238B6000AE853 /* Output.cpp */ = {isa = PBXFileReference; fileEncoding = 4; lastKnownFileType = sourcecode.cpp.cpp; path = Output.cpp; sourceTree = "<group>"; };
		308340D61F9238B6000AE853 /* Output.hpp */ = {isa = PBXFileReference; fileEncoding = 4; lastKnownFileType = sourcecode.cpp.h; path = Output.hpp; sourceTree = "<group>"; };
		308340D81F9238D7000AE853 /* OutputHLSL.cpp */ = {isa = PBXFileReference; fileEncoding = 4; lastKnownFileType = sourcecode.cpp.cpp; path = OutputHLSL.cpp; sourceTree = "<group>"; };
		308340D91F9238D7000AE853 /* OutputHLSL.hpp */ = {isa = PBXFileReference; fileEncoding = 4; lastKnownFileType = sourcecode.cpp.h; path = OutputHLSL.hpp; sourceTree = "<group>"; };
		308340DB1F9238F2000AE853 /* OutputGLSL.cpp */ = {isa = PBXFileReference; fileEncoding = 4; lastKnownFileType = sourcecode.cpp.cpp; path = OutputGLSL.cpp; sourceTree = "<group>"; };
		308340DC1F9238F2000AE853 /* OutputGLSL.hpp */ = {isa = PBXFileReference; fileEncoding = 4; lastKnownFileType = sourcecode.cpp.h; path = OutputGLSL.hpp; sourceTree = "<group>"; };
		308340DE1F923900000AE853 /* OutputMSL.cpp */ = {isa = PBXFileReference; fileEncoding = 4; lastKnownFileType = sourcecode.cpp.cpp; path = OutputMSL.cpp; sourceTree = "<group>"; };
		308340DF1F923900000AE853 /* OutputMSL.hpp */ = {isa = PBXFileReference; fileEncoding = 4; lastKnownFileType = sourcecode.cpp.h; path = OutputMSL.hpp; sourceTree = "<group>"; };
		3093EE6E201FB2E7006D1667 /* Semantic.hpp */ = {isa = PBXFileReference; lastKnownFileType = sourcecode.cpp.h; path = Semantic.hpp; sourceTree = "<group>"; };
		3093EE6F201FB362006D1667 /* Program.hpp */ = {isa = PBXFileReference; lastKnownFileType = sourcecode.cpp.h; path = Program.hpp; sourceTree = "<group>"; };
		30D57FA4210AA3B800377C5E /* Construct.hpp */ = {isa = PBXFileReference; lastKnownFileType = sourcecode.cpp.h; path = Construct.hpp; sourceTree = "<group>"; };
		30D57FA5210AA3F100377C5E /* QualifiedType.hpp */ = {isa = PBXFileReference; lastKnownFileType = sourcecode.cpp.h; path = QualifiedType.hpp; sourceTree = "<group>"; };
		30D57FA6210AA42D00377C5E /* Statements.hpp */ = {isa = PBXFileReference; lastKnownFileType = sourcecode.cpp.h; path = Statements.hpp; sourceTree = "<group>"; };
		30D57FA7210AA46A00377C5E /* Expressions.hpp */ = {isa = PBXFileReference; lastKnownFileType = sourcecode.cpp.h; path = Expressions.hpp; sourceTree = "<group>"; };
		30D57FA8210AA47600377C5E /* Declarations.hpp */ = {isa = PBXFileReference; lastKnownFileType = sourcecode.cpp.h; path = Declarations.hpp; sourceTree = "<group>"; };
		30D57FA9210AA52200377C5E /* Operator.hpp */ = {isa = PBXFileReference; lastKnownFileType = sourcecode.cpp.h; path = Operator.hpp; sourceTree = "<group>"; };
		30DD173D1EAE944F004CAD77 /* OSL */ = {isa = PBXFileReference; explicitFileType = "compiled.mach-o.executable"; includeInIndex = 0; path = OSL; sourceTree = BUILT_PRODUCTS_DIR; };
		30DD17401EAE944F004CAD77 /* main.cpp */ = {isa = PBXFileReference; lastKnownFileType = sourcecode.cpp.cpp; path = main.cpp; sourceTree = "<group>"; };
		30DD17471EAF967B004CAD77 /* Tokenizer.cpp */ = {isa = PBXFileReference; fileEncoding = 4; lastKnownFileType = sourcecode.cpp.cpp; path = Tokenizer.cpp; sourceTree = "<group>"; };
		30DD17481EAF967B004CAD77 /* Tokenizer.hpp */ = {isa = PBXFileReference; fileEncoding = 4; lastKnownFileType = sourcecode.cpp.h; path = Tokenizer.hpp; sourceTree = "<group>"; };
		30DD174A1EAF96CE004CAD77 /* Parser.cpp */ = {isa = PBXFileReference; fileEncoding = 4; lastKnownFileType = sourcecode.cpp.cpp; path = Parser.cpp; sourceTree = "<group>"; };
		30DD174B1EAF96CE004CAD77 /* Parser.hpp */ = {isa = PBXFileReference; fileEncoding = 4; lastKnownFileType = sourcecode.cpp.h; path = Parser.hpp; sourceTree = "<group>"; };
/* End PBXFileReference section */

/* Begin PBXFrameworksBuildPhase section */
		30DD173A1EAE944F004CAD77 /* Frameworks */ = {
			isa = PBXFrameworksBuildPhase;
			buildActionMask = 2147483647;
			files = (
			);
			runOnlyForDeploymentPostprocessing = 0;
		};
/* End PBXFrameworksBuildPhase section */

/* Begin PBXGroup section */
		30DD17341EAE944F004CAD77 = {
			isa = PBXGroup;
			children = (
				30DD173F1EAE944F004CAD77 /* src */,
				30DD173E1EAE944F004CAD77 /* Products */,
			);
			sourceTree = "<group>";
		};
		30DD173E1EAE944F004CAD77 /* Products */ = {
			isa = PBXGroup;
			children = (
				30DD173D1EAE944F004CAD77 /* OSL */,
			);
			name = Products;
			sourceTree = "<group>";
		};
		30DD173F1EAE944F004CAD77 /* src */ = {
			isa = PBXGroup;
			children = (
				30D57FA4210AA3B800377C5E /* Construct.hpp */,
				30D57FA8210AA47600377C5E /* Declarations.hpp */,
				30D57FA7210AA46A00377C5E /* Expressions.hpp */,
				30DD17401EAE944F004CAD77 /* main.cpp */,
				30D57FA9210AA52200377C5E /* Operator.hpp */,
				308340D51F9238B6000AE853 /* Output.cpp */,
				308340D61F9238B6000AE853 /* Output.hpp */,
				308340DB1F9238F2000AE853 /* OutputGLSL.cpp */,
				308340DC1F9238F2000AE853 /* OutputGLSL.hpp */,
				308340D81F9238D7000AE853 /* OutputHLSL.cpp */,
				308340D91F9238D7000AE853 /* OutputHLSL.hpp */,
				308340DE1F923900000AE853 /* OutputMSL.cpp */,
				308340DF1F923900000AE853 /* OutputMSL.hpp */,
				30DD174A1EAF96CE004CAD77 /* Parser.cpp */,
				30DD174B1EAF96CE004CAD77 /* Parser.hpp */,
				3093EE6F201FB362006D1667 /* Program.hpp */,
				30D57FA5210AA3F100377C5E /* QualifiedType.hpp */,
				3093EE6E201FB2E7006D1667 /* Semantic.hpp */,
				30D57FA6210AA42D00377C5E /* Statements.hpp */,
				30DD17471EAF967B004CAD77 /* Tokenizer.cpp */,
				30DD17481EAF967B004CAD77 /* Tokenizer.hpp */,
			);
			path = src;
			sourceTree = "<group>";
		};
/* End PBXGroup section */

/* Begin PBXNativeTarget section */
		30DD173C1EAE944F004CAD77 /* OSL */ = {
			isa = PBXNativeTarget;
			buildConfigurationList = 30DD17441EAE944F004CAD77 /* Build configuration list for PBXNativeTarget "OSL" */;
			buildPhases = (
				30DD17391EAE944F004CAD77 /* Sources */,
				30DD173A1EAE944F004CAD77 /* Frameworks */,
				30DD173B1EAE944F004CAD77 /* CopyFiles */,
			);
			buildRules = (
			);
			dependencies = (
			);
			name = OSL;
			productName = OSLParser;
			productReference = 30DD173D1EAE944F004CAD77 /* OSL */;
			productType = "com.apple.product-type.tool";
		};
/* End PBXNativeTarget section */

/* Begin PBXProject section */
		30DD17351EAE944F004CAD77 /* Project object */ = {
			isa = PBXProject;
			attributes = {
				LastUpgradeCheck = 0830;
				ORGANIZATIONNAME = "Elviss Strazdins";
				TargetAttributes = {
					30DD173C1EAE944F004CAD77 = {
						CreatedOnToolsVersion = 8.3.2;
						ProvisioningStyle = Automatic;
					};
				};
			};
			buildConfigurationList = 30DD17381EAE944F004CAD77 /* Build configuration list for PBXProject "OSL" */;
			compatibilityVersion = "Xcode 3.2";
			developmentRegion = English;
			hasScannedForEncodings = 0;
			knownRegions = (
				en,
			);
			mainGroup = 30DD17341EAE944F004CAD77;
			productRefGroup = 30DD173E1EAE944F004CAD77 /* Products */;
			projectDirPath = "";
			projectRoot = "";
			targets = (
				30DD173C1EAE944F004CAD77 /* OSL */,
			);
		};
/* End PBXProject section */

/* Begin PBXSourcesBuildPhase section */
		30DD17391EAE944F004CAD77 /* Sources */ = {
			isa = PBXSourcesBuildPhase;
			buildActionMask = 2147483647;
			files = (
				308340DD1F9238F2000AE853 /* OutputGLSL.cpp in Sources */,
				308340E01F923900000AE853 /* OutputMSL.cpp in Sources */,
				308340DA1F9238D7000AE853 /* OutputHLSL.cpp in Sources */,
				308340D71F9238B6000AE853 /* Output.cpp in Sources */,
				30DD17411EAE944F004CAD77 /* main.cpp in Sources */,
				30DD174C1EAF96CE004CAD77 /* Parser.cpp in Sources */,
				30DD17491EAF967B004CAD77 /* Tokenizer.cpp in Sources */,
			);
			runOnlyForDeploymentPostprocessing = 0;
		};
/* End PBXSourcesBuildPhase section */

/* Begin XCBuildConfiguration section */
		30DD17421EAE944F004CAD77 /* Debug */ = {
			isa = XCBuildConfiguration;
			buildSettings = {
				ALWAYS_SEARCH_USER_PATHS = NO;
				CLANG_ANALYZER_NONNULL = YES;
				CLANG_ANALYZER_NUMBER_OBJECT_CONVERSION = YES_AGGRESSIVE;
				CLANG_CXX_LANGUAGE_STANDARD = "gnu++0x";
				CLANG_CXX_LIBRARY = "libc++";
				CLANG_ENABLE_MODULES = YES;
				CLANG_ENABLE_OBJC_ARC = YES;
				CLANG_WARN_BOOL_CONVERSION = YES;
				CLANG_WARN_CONSTANT_CONVERSION = YES;
				CLANG_WARN_DIRECT_OBJC_ISA_USAGE = YES_ERROR;
				CLANG_WARN_DOCUMENTATION_COMMENTS = YES;
				CLANG_WARN_EMPTY_BODY = YES;
				CLANG_WARN_ENUM_CONVERSION = YES;
				CLANG_WARN_INFINITE_RECURSION = YES;
				CLANG_WARN_INT_CONVERSION = YES;
				CLANG_WARN_OBJC_ROOT_CLASS = YES_ERROR;
				CLANG_WARN_SUSPICIOUS_MOVE = YES;
				CLANG_WARN_UNREACHABLE_CODE = YES;
				CLANG_WARN__DUPLICATE_METHOD_MATCH = YES;
				CODE_SIGN_IDENTITY = "-";
				COPY_PHASE_STRIP = NO;
				DEBUG_INFORMATION_FORMAT = dwarf;
				ENABLE_STRICT_OBJC_MSGSEND = YES;
				ENABLE_TESTABILITY = YES;
				GCC_C_LANGUAGE_STANDARD = gnu99;
				GCC_DYNAMIC_NO_PIC = NO;
				GCC_NO_COMMON_BLOCKS = YES;
				GCC_OPTIMIZATION_LEVEL = 0;
				GCC_PREPROCESSOR_DEFINITIONS = (
					"DEBUG=1",
					"$(inherited)",
				);
				GCC_WARN_64_TO_32_BIT_CONVERSION = YES;
				GCC_WARN_ABOUT_RETURN_TYPE = YES_ERROR;
				GCC_WARN_UNDECLARED_SELECTOR = YES;
				GCC_WARN_UNINITIALIZED_AUTOS = YES_AGGRESSIVE;
				GCC_WARN_UNUSED_FUNCTION = YES;
				GCC_WARN_UNUSED_VARIABLE = YES;
				MACOSX_DEPLOYMENT_TARGET = 10.12;
				MTL_ENABLE_DEBUG_INFO = YES;
				ONLY_ACTIVE_ARCH = YES;
				SDKROOT = macosx;
			};
			name = Debug;
		};
		30DD17431EAE944F004CAD77 /* Release */ = {
			isa = XCBuildConfiguration;
			buildSettings = {
				ALWAYS_SEARCH_USER_PATHS = NO;
				CLANG_ANALYZER_NONNULL = YES;
				CLANG_ANALYZER_NUMBER_OBJECT_CONVERSION = YES_AGGRESSIVE;
				CLANG_CXX_LANGUAGE_STANDARD = "gnu++0x";
				CLANG_CXX_LIBRARY = "libc++";
				CLANG_ENABLE_MODULES = YES;
				CLANG_ENABLE_OBJC_ARC = YES;
				CLANG_WARN_BOOL_CONVERSION = YES;
				CLANG_WARN_CONSTANT_CONVERSION = YES;
				CLANG_WARN_DIRECT_OBJC_ISA_USAGE = YES_ERROR;
				CLANG_WARN_DOCUMENTATION_COMMENTS = YES;
				CLANG_WARN_EMPTY_BODY = YES;
				CLANG_WARN_ENUM_CONVERSION = YES;
				CLANG_WARN_INFINITE_RECURSION = YES;
				CLANG_WARN_INT_CONVERSION = YES;
				CLANG_WARN_OBJC_ROOT_CLASS = YES_ERROR;
				CLANG_WARN_SUSPICIOUS_MOVE = YES;
				CLANG_WARN_UNREACHABLE_CODE = YES;
				CLANG_WARN__DUPLICATE_METHOD_MATCH = YES;
				CODE_SIGN_IDENTITY = "-";
				COPY_PHASE_STRIP = NO;
				DEBUG_INFORMATION_FORMAT = "dwarf-with-dsym";
				ENABLE_NS_ASSERTIONS = NO;
				ENABLE_STRICT_OBJC_MSGSEND = YES;
				GCC_C_LANGUAGE_STANDARD = gnu99;
				GCC_NO_COMMON_BLOCKS = YES;
				GCC_WARN_64_TO_32_BIT_CONVERSION = YES;
				GCC_WARN_ABOUT_RETURN_TYPE = YES_ERROR;
				GCC_WARN_UNDECLARED_SELECTOR = YES;
				GCC_WARN_UNINITIALIZED_AUTOS = YES_AGGRESSIVE;
				GCC_WARN_UNUSED_FUNCTION = YES;
				GCC_WARN_UNUSED_VARIABLE = YES;
				MACOSX_DEPLOYMENT_TARGET = 10.12;
				MTL_ENABLE_DEBUG_INFO = NO;
				SDKROOT = macosx;
			};
			name = Release;
		};
		30DD17451EAE944F004CAD77 /* Debug */ = {
			isa = XCBuildConfiguration;
			buildSettings = {
				CLANG_WARN_BLOCK_CAPTURE_AUTORELEASING = YES;
				CLANG_WARN_FLOAT_CONVERSION = YES;
				CLANG_WARN_NON_LITERAL_NULL_CONVERSION = YES;
				GCC_WARN_FOUR_CHARACTER_CONSTANTS = YES;
				GCC_WARN_SHADOW = YES;
				PRODUCT_NAME = "$(TARGET_NAME)";
			};
			name = Debug;
		};
		30DD17461EAE944F004CAD77 /* Release */ = {
			isa = XCBuildConfiguration;
			buildSettings = {
				CLANG_WARN_BLOCK_CAPTURE_AUTORELEASING = YES;
				CLANG_WARN_FLOAT_CONVERSION = YES;
				CLANG_WARN_NON_LITERAL_NULL_CONVERSION = YES;
				GCC_WARN_FOUR_CHARACTER_CONSTANTS = YES;
				GCC_WARN_SHADOW = YES;
				PRODUCT_NAME = "$(TARGET_NAME)";
			};
			name = Release;
		};
/* End XCBuildConfiguration section */

/* Begin XCConfigurationList section */
		30DD17381EAE944F004CAD77 /* Build configuration list for PBXProject "OSL" */ = {
			isa = XCConfigurationList;
			buildConfigurations = (
				30DD17421EAE944F004CAD77 /* Debug */,
				30DD17431EAE944F004CAD77 /* Release */,
			);
			defaultConfigurationIsVisible = 0;
			defaultConfigurationName = Release;
		};
		30DD17441EAE944F004CAD77 /* Build configuration list for PBXNativeTarget "OSL" */ = {
			isa = XCConfigurationList;
			buildConfigurations = (
				30DD17451EAE944F004CAD77 /* Debug */,
				30DD17461EAE944F004CAD77 /* Release */,
			);
			defaultConfigurationIsVisible = 0;
			defaultConfigurationName = Release;
		};
/* End XCConfigurationList section */
	};
	rootObject = 30DD17351EAE944F004CAD77 /* Project object */;
}
