
Microsoft Visual Studio Solution File, Format Version 12.00
# Visual Studio 15
VisualStudioVersion = 15.0.28307.572
MinimumVisualStudioVersion = 10.0.40219.1
Project("{8BC9CEB8-8B4A-11D0-8D11-00A0C91BC942}") = "OSL", "OSL.vcxproj", "{B41B3416-71B9-4030-9107-9154D4BDDBC2}"
	ProjectSection(ProjectDependencies) = postProject
		{76EAB0C1-DA46-401D-9C5A-CBC6860E6B30} = {76EAB0C1-DA46-401D-9C5A-CBC6860E6B30}
	EndProjectSection
EndProject
Project("{8BC9CEB8-8B4A-11D0-8D11-00A0C91BC942}") = "test", "test.vcxproj", "{070B2A76-6332-41D0-912C-D2C7A4FC407F}"
EndProject
Global
	GlobalSection(SolutionConfigurationPlatforms) = preSolution
		Debug|x64 = Debug|x64
		Debug|x86 = Debug|x86
		Release|x64 = Release|x64
		Release|x86 = Release|x86
	EndGlobalSection
	GlobalSection(ProjectConfigurationPlatforms) = postSolution
		{B41B3416-71B9-4030-9107-9154D4BDDBC2}.Debug|x64.ActiveCfg = Debug|x64
		{B41B3416-71B9-4030-9107-9154D4BDDBC2}.Debug|x64.Build.0 = Debug|x64
		{B41B3416-71B9-4030-9107-9154D4BDDBC2}.Debug|x86.ActiveCfg = Debug|Win32
		{B41B3416-71B9-4030-9107-9154D4BDDBC2}.Debug|x86.Build.0 = Debug|Win32
		{B41B3416-71B9-4030-9107-9154D4BDDBC2}.Release|x64.ActiveCfg = Release|x64
		{B41B3416-71B9-4030-9107-9154D4BDDBC2}.Release|x64.Build.0 = Release|x64
		{B41B3416-71B9-4030-9107-9154D4BDDBC2}.Release|x86.ActiveCfg = Release|Win32
		{B41B3416-71B9-4030-9107-9154D4BDDBC2}.Release|x86.Build.0 = Release|Win32
		{76EAB0C1-DA46-401D-9C5A-CBC6860E6B30}.Debug|x64.ActiveCfg = Debug|x64
		{76EAB0C1-DA46-401D-9C5A-CBC6860E6B30}.Debug|x64.Build.0 = Debug|x64
		{76EAB0C1-DA46-401D-9C5A-CBC6860E6B30}.Debug|x86.ActiveCfg = Debug|Win32
		{76EAB0C1-DA46-401D-9C5A-CBC6860E6B30}.Debug|x86.Build.0 = Debug|Win32
		{76EAB0C1-DA46-401D-9C5A-CBC6860E6B30}.Release|x64.ActiveCfg = Release|x64
		{76EAB0C1-DA46-401D-9C5A-CBC6860E6B30}.Release|x64.Build.0 = Release|x64
		{76EAB0C1-DA46-401D-9C5A-CBC6860E6B30}.Release|x86.ActiveCfg = Release|Win32
		{76EAB0C1-DA46-401D-9C5A-CBC6860E6B30}.Release|x86.Build.0 = Release|Win32
		{070B2A76-6332-41D0-912C-D2C7A4FC407F}.Debug|x64.ActiveCfg = Debug|x64
		{070B2A76-6332-41D0-912C-D2C7A4FC407F}.Debug|x64.Build.0 = Debug|x64
		{070B2A76-6332-41D0-912C-D2C7A4FC407F}.Debug|x86.ActiveCfg = Debug|Win32
		{070B2A76-6332-41D0-912C-D2C7A4FC407F}.Debug|x86.Build.0 = Debug|Win32
		{070B2A76-6332-41D0-912C-D2C7A4FC407F}.Release|x64.ActiveCfg = Release|x64
		{070B2A76-6332-41D0-912C-D2C7A4FC407F}.Release|x64.Build.0 = Release|x64
		{070B2A76-6332-41D0-912C-D2C7A4FC407F}.Release|x86.ActiveCfg = Release|Win32
		{070B2A76-6332-41D0-912C-D2C7A4FC407F}.Release|x86.Build.0 = Release|Win32
	EndGlobalSection
	GlobalSection(SolutionProperties) = preSolution
		HideSolutionNode = FALSE
	EndGlobalSection
	GlobalSection(ExtensibilityGlobals) = postSolution
		SolutionGuid = {E5E053BB-4026-49DB-8419-C2112413A286}
	EndGlobalSection
EndGlobal
